
Microsoft Visual Studio Solution File, Format Version 12.00
# Visual Studio Version 16
VisualStudioVersion = 16.0.30523.141
MinimumVisualStudioVersion = 10.0.40219.1
Project("{FAE04EC0-301F-11D3-BF4B-00C04F79EFBC}") = "AIHolding-task", "AIHolding-task\AIHolding-task.csproj", "{4699D3D8-1922-4B4A-9DBF-FE43080DB490}"
EndProject
Global
	GlobalSection(SolutionConfigurationPlatforms) = preSolution
		Debug|Any CPU = Debug|Any CPU
		Release|Any CPU = Release|Any CPU
	EndGlobalSection
	GlobalSection(ProjectConfigurationPlatforms) = postSolution
		{4699D3D8-1922-4B4A-9DBF-FE43080DB490}.Debug|Any CPU.ActiveCfg = Debug|Any CPU
		{4699D3D8-1922-4B4A-9DBF-FE43080DB490}.Debug|Any CPU.Build.0 = Debug|Any CPU
		{4699D3D8-1922-4B4A-9DBF-FE43080DB490}.Release|Any CPU.ActiveCfg = Release|Any CPU
		{4699D3D8-1922-4B4A-9DBF-FE43080DB490}.Release|Any CPU.Build.0 = Release|Any CPU
	EndGlobalSection
	GlobalSection(SolutionProperties) = preSolution
		HideSolutionNode = FALSE
	EndGlobalSection
	GlobalSection(ExtensibilityGlobals) = postSolution
		SolutionGuid = {3CF528E1-0208-419A-A82E-00A4CA5B685C}
	EndGlobalSection
EndGlobal
